
Microsoft Visual Studio Solution File, Format Version 12.00
# Visual Studio Version 16
VisualStudioVersion = 16.0.30114.105
MinimumVisualStudioVersion = 10.0.40219.1
Project("{FAE04EC0-301F-11D3-BF4B-00C04F79EFBC}") = "Repository.Library", "Repository.Library\Repository.Library.csproj", "{282FB538-600C-43ED-B753-61ECAA78C41F}"
EndProject
Project("{FAE04EC0-301F-11D3-BF4B-00C04F79EFBC}") = "Repository.Tests", "Repository.Tests\Repository.Tests.csproj", "{28FDFDB3-80EF-4C68-8286-0E0FEEBA77D8}"
EndProject
Project("{FAE04EC0-301F-11D3-BF4B-00C04F79EFBC}") = "Repository.UI", "Repository.UI\Repository.UI.csproj", "{40731BCF-B0BA-4A9E-A468-BD1056CA4AAE}"
EndProject
Global
	GlobalSection(SolutionConfigurationPlatforms) = preSolution
		Debug|Any CPU = Debug|Any CPU
		Debug|x64 = Debug|x64
		Debug|x86 = Debug|x86
		Release|Any CPU = Release|Any CPU
		Release|x64 = Release|x64
		Release|x86 = Release|x86
	EndGlobalSection
	GlobalSection(SolutionProperties) = preSolution
		HideSolutionNode = FALSE
	EndGlobalSection
	GlobalSection(ProjectConfigurationPlatforms) = postSolution
		{282FB538-600C-43ED-B753-61ECAA78C41F}.Debug|Any CPU.ActiveCfg = Debug|Any CPU
		{282FB538-600C-43ED-B753-61ECAA78C41F}.Debug|Any CPU.Build.0 = Debug|Any CPU
		{282FB538-600C-43ED-B753-61ECAA78C41F}.Debug|x64.ActiveCfg = Debug|Any CPU
		{282FB538-600C-43ED-B753-61ECAA78C41F}.Debug|x64.Build.0 = Debug|Any CPU
		{282FB538-600C-43ED-B753-61ECAA78C41F}.Debug|x86.ActiveCfg = Debug|Any CPU
		{282FB538-600C-43ED-B753-61ECAA78C41F}.Debug|x86.Build.0 = Debug|Any CPU
		{282FB538-600C-43ED-B753-61ECAA78C41F}.Release|Any CPU.ActiveCfg = Release|Any CPU
		{282FB538-600C-43ED-B753-61ECAA78C41F}.Release|Any CPU.Build.0 = Release|Any CPU
		{282FB538-600C-43ED-B753-61ECAA78C41F}.Release|x64.ActiveCfg = Release|Any CPU
		{282FB538-600C-43ED-B753-61ECAA78C41F}.Release|x64.Build.0 = Release|Any CPU
		{282FB538-600C-43ED-B753-61ECAA78C41F}.Release|x86.ActiveCfg = Release|Any CPU
		{282FB538-600C-43ED-B753-61ECAA78C41F}.Release|x86.Build.0 = Release|Any CPU
		{28FDFDB3-80EF-4C68-8286-0E0FEEBA77D8}.Debug|Any CPU.ActiveCfg = Debug|Any CPU
		{28FDFDB3-80EF-4C68-8286-0E0FEEBA77D8}.Debug|Any CPU.Build.0 = Debug|Any CPU
		{28FDFDB3-80EF-4C68-8286-0E0FEEBA77D8}.Debug|x64.ActiveCfg = Debug|Any CPU
		{28FDFDB3-80EF-4C68-8286-0E0FEEBA77D8}.Debug|x64.Build.0 = Debug|Any CPU
		{28FDFDB3-80EF-4C68-8286-0E0FEEBA77D8}.Debug|x86.ActiveCfg = Debug|Any CPU
		{28FDFDB3-80EF-4C68-8286-0E0FEEBA77D8}.Debug|x86.Build.0 = Debug|Any CPU
		{28FDFDB3-80EF-4C68-8286-0E0FEEBA77D8}.Release|Any CPU.ActiveCfg = Release|Any CPU
		{28FDFDB3-80EF-4C68-8286-0E0FEEBA77D8}.Release|Any CPU.Build.0 = Release|Any CPU
		{28FDFDB3-80EF-4C68-8286-0E0FEEBA77D8}.Release|x64.ActiveCfg = Release|Any CPU
		{28FDFDB3-80EF-4C68-8286-0E0FEEBA77D8}.Release|x64.Build.0 = Release|Any CPU
		{28FDFDB3-80EF-4C68-8286-0E0FEEBA77D8}.Release|x86.ActiveCfg = Release|Any CPU
		{28FDFDB3-80EF-4C68-8286-0E0FEEBA77D8}.Release|x86.Build.0 = Release|Any CPU
		{40731BCF-B0BA-4A9E-A468-BD1056CA4AAE}.Debug|Any CPU.ActiveCfg = Debug|Any CPU
		{40731BCF-B0BA-4A9E-A468-BD1056CA4AAE}.Debug|Any CPU.Build.0 = Debug|Any CPU
		{40731BCF-B0BA-4A9E-A468-BD1056CA4AAE}.Debug|x64.ActiveCfg = Debug|Any CPU
		{40731BCF-B0BA-4A9E-A468-BD1056CA4AAE}.Debug|x64.Build.0 = Debug|Any CPU
		{40731BCF-B0BA-4A9E-A468-BD1056CA4AAE}.Debug|x86.ActiveCfg = Debug|Any CPU
		{40731BCF-B0BA-4A9E-A468-BD1056CA4AAE}.Debug|x86.Build.0 = Debug|Any CPU
		{40731BCF-B0BA-4A9E-A468-BD1056CA4AAE}.Release|Any CPU.ActiveCfg = Release|Any CPU
		{40731BCF-B0BA-4A9E-A468-BD1056CA4AAE}.Release|Any CPU.Build.0 = Release|Any CPU
		{40731BCF-B0BA-4A9E-A468-BD1056CA4AAE}.Release|x64.ActiveCfg = Release|Any CPU
		{40731BCF-B0BA-4A9E-A468-BD1056CA4AAE}.Release|x64.Build.0 = Release|Any CPU
		{40731BCF-B0BA-4A9E-A468-BD1056CA4AAE}.Release|x86.ActiveCfg = Release|Any CPU
		{40731BCF-B0BA-4A9E-A468-BD1056CA4AAE}.Release|x86.Build.0 = Release|Any CPU
	EndGlobalSection
EndGlobal
